# This file is automatically @generated by Cargo.
# It is not intended for manual editing.
version = 3

[[package]]
name = "chess-engine"
version = "0.1.0"
dependencies = [
 "fen",
]

[[package]]
name = "fen"
version = "0.1.0"
source = "registry+https://github.com/rust-lang/crates.io-index"
checksum = "56cb092763bde57dca1a598309e8154840a549ef0e7ea300d0899740af5cb9c2"
